
Microsoft Visual Studio Solution File, Format Version 12.00
# Visual Studio Version 17
VisualStudioVersion = 17.0.32014.148
MinimumVisualStudioVersion = 10.0.40219.1
Project("{9A19103F-16F7-4668-BE54-9A1E7A4F7556}") = "THPromotionPortal", "THPromotionPortal\THPromotionPortal.csproj", "{D634083D-0DCB-410C-9195-D6EA2D56E92E}"
EndProject
Project("{2150E333-8FDC-42A3-9474-1A3956D46DE8}") = "Portal", "Portal", "{788C71D5-DB26-46DD-B3FE-0B1A551B9F21}"
EndProject
Project("{2150E333-8FDC-42A3-9474-1A3956D46DE8}") = "Api", "Api", "{3E1D9694-1149-4E15-A658-7EFF05A2DA6D}"
EndProject
Global
	GlobalSection(SolutionConfigurationPlatforms) = preSolution
		Debug|Any CPU = Debug|Any CPU
		Release|Any CPU = Release|Any CPU
	EndGlobalSection
	GlobalSection(ProjectConfigurationPlatforms) = postSolution
		{D634083D-0DCB-410C-9195-D6EA2D56E92E}.Debug|Any CPU.ActiveCfg = Debug|Any CPU
		{D634083D-0DCB-410C-9195-D6EA2D56E92E}.Debug|Any CPU.Build.0 = Debug|Any CPU
		{D634083D-0DCB-410C-9195-D6EA2D56E92E}.Release|Any CPU.ActiveCfg = Release|Any CPU
		{D634083D-0DCB-410C-9195-D6EA2D56E92E}.Release|Any CPU.Build.0 = Release|Any CPU
	EndGlobalSection
	GlobalSection(SolutionProperties) = preSolution
		HideSolutionNode = FALSE
	EndGlobalSection
	GlobalSection(NestedProjects) = preSolution
		{D634083D-0DCB-410C-9195-D6EA2D56E92E} = {788C71D5-DB26-46DD-B3FE-0B1A551B9F21}
	EndGlobalSection
	GlobalSection(ExtensibilityGlobals) = postSolution
		SolutionGuid = {A0F550D0-B543-4422-B5A9-A012CBB36EF4}
	EndGlobalSection
EndGlobal
